# THIS IS AN AUTOGENERATED FILE. DO NOT EDIT THIS FILE DIRECTLY.
# yarn lockfile v1


vuepress-plugin-handle-sidebar@^1.0.0:
  version "1.0.0"
  resolved "https://registry.yarnpkg.com/vuepress-plugin-handle-sidebar/-/vuepress-plugin-handle-sidebar-1.0.0.tgz#ed8764ed1be6a1526c110ef21734996e14e317a8"
  integrity sha512-FDBKgNQ6aA1lRsCdLCpPCjqfZbJhCAmhoB/qbI9flM2tfyGUyADTbqVR52wmG2naE5VnK1AftSqdqFUP5zw97w==
